
Microsoft Visual Studio Solution File, Format Version 11.00
# Visual Studio 2010
Project("{FAE04EC0-301F-11D3-BF4B-00C04F79EFBC}") = "AndroidBinder", "AndroidBinder\AndroidBinder.csproj", "{B31E528D-CD5E-4D20-B0AE-36D7519FA732}"
EndProject
Global
	GlobalSection(SolutionConfigurationPlatforms) = preSolution
		Debug|Any CPU = Debug|Any CPU
		Release|Any CPU = Release|Any CPU
	EndGlobalSection
	GlobalSection(ProjectConfigurationPlatforms) = postSolution
		{B31E528D-CD5E-4D20-B0AE-36D7519FA732}.Debug|Any CPU.ActiveCfg = Debug|Any CPU
		{B31E528D-CD5E-4D20-B0AE-36D7519FA732}.Debug|Any CPU.Build.0 = Debug|Any CPU
		{B31E528D-CD5E-4D20-B0AE-36D7519FA732}.Release|Any CPU.ActiveCfg = Release|Any CPU
		{B31E528D-CD5E-4D20-B0AE-36D7519FA732}.Release|Any CPU.Build.0 = Release|Any CPU
	EndGlobalSection
	GlobalSection(MonoDevelopProperties) = preSolution
		StartupItem = AndroidBinder\AndroidBinder.csproj
	EndGlobalSection
EndGlobal
